{
    "_readme": [
        "This file locks the dependencies of your project to a known state",
        "Read more about it at https://getcomposer.org/doc/01-basic-usage.md#composer-lock-the-lock-file",
        "This file is @generated automatically"
    ],
    "content-hash": "c5bca6bc51a6ce7b8e617d6430a42ab9",
    "packages": [
        {
            "name": "imgix/imgix-php",
            "version": "dev-master",
            "source": {
                "type": "git",
                "url": "https://github.com/imgix/imgix-php.git",
                "reference": "01aca7006278949b5699baddef547b4dbc7dfb27"
            },
            "dist": {
                "type": "zip",
                "url": "https://api.github.com/repos/imgix/imgix-php/zipball/01aca7006278949b5699baddef547b4dbc7dfb27",
                "reference": "01aca7006278949b5699baddef547b4dbc7dfb27",
                "shasum": ""
            },
            "require": {
                "php": ">=5.3"
            },
            "require-dev": {
                "phpunit/phpunit": "*"
            },
            "type": "library",
            "autoload": {
                "psr-0": {
                    "Imgix\\": "src/"
                }
            },
            "notification-url": "https://packagist.org/downloads/",
            "license": [
                "BSD-2-Clause"
            ],
            "description": "A PHP client library for generating URLs with imgix.",
            "keywords": [
                "imgix"
            ],
            "time": "2018-06-20 00:13:38"
        }
    ],
    "packages-dev": [],
    "aliases": [],
    "minimum-stability": "dev",
    "stability-flags": {
        "imgix/imgix-php": 20
    },
    "prefer-stable": false,
    "prefer-lowest": false,
    "platform": {
        "php": ">=5.6.0"
    },
    "platform-dev": []
}
